{
  "name": "PACKAGE_LARAVEL_tailwind-merge",
  "lockfileVersion": 3,
  "requires": true,
  "packages": {
    "": {
      "devDependencies": {
        "@openai/codex": "^0.71.0"
      }
    },
    "node_modules/@openai/codex": {
      "version": "0.71.0",
      "resolved": "https://registry.npmjs.org/@openai/codex/-/codex-0.71.0.tgz",
      "integrity": "sha512-gHvogl1WZjl9g1G904QPehIDOHr5ZPH/lIWaubxs2h3LGaBSpJxLFxhjr7WPTRTE0CMhVrM0AAcwyDltWJbb0g==",
      "dev": true,
      "license": "Apache-2.0",
      "bin": {
        "codex": "bin/codex.js"
      },
      "engines": {
        "node": ">=16"
      }
    }
  }
}
